{
  "version": 4,
  "terraform_version": "1.0.1",
  "serial": 7,
  "lineage": "f1d16643-17b7-5a04-dc42-48366103027e",
  "outputs": {},
  "resources": [
    {
      "mode": "managed",
      "type": "docker_container",
      "name": "container",
      "provider": "provider[\"registry.terraform.io/kreuzwerker/docker\"]",
      "instances": [
        {
          "schema_version": 2,
          "attributes": {
            "attach": false,
            "bridge": "",
            "capabilities": [],
            "command": [
              "nginx",
              "-g",
              "daemon off;"
            ],
            "container_logs": null,
            "cpu_set": "",
            "cpu_shares": 0,
            "destroy_grace_seconds": null,
            "devices": [],
            "dns": null,
            "dns_opts": null,
            "dns_search": null,
            "domainname": "",
            "entrypoint": [
              "/docker-entrypoint.sh"
            ],
            "env": [],
            "exit_code": null,
            "gateway": "172.17.0.1",
            "group_add": null,
            "healthcheck": null,
            "host": [],
            "hostname": "67b2f89c6e2a",
            "id": "67b2f89c6e2adb4226ae6b3d4fee1e1e6d591f21079a738ec81a321e43cdcbed",
            "image": "sha256:44f177c8f2e61ce4a1ae95dc764cac459510f1ca104ffd9a43347f41fde545bb",
            "init": false,
            "ip_address": "172.17.0.2",
            "ip_prefix_length": 16,
            "ipc_mode": "private",
            "labels": [],
            "links": null,
            "log_driver": "json-file",
            "log_opts": null,
            "logs": false,
            "max_retry_count": 0,
            "memory": 0,
            "memory_swap": 0,
            "mounts": [],
            "must_run": true,
            "name": "nginx-terraform",
            "network_alias": null,
            "network_data": [
              {
                "gateway": "172.17.0.1",
                "global_ipv6_address": "",
                "global_ipv6_prefix_length": 0,
                "ip_address": "172.17.0.2",
                "ip_prefix_length": 16,
                "ipv6_gateway": "",
                "network_name": "bridge"
              }
            ],
            "network_mode": "default",
            "networks": null,
            "networks_advanced": [],
            "pid_mode": "",
            "ports": [],
            "privileged": false,
            "publish_all_ports": false,
            "read_only": false,
            "remove_volumes": true,
            "restart": "no",
            "rm": false,
            "security_opts": [],
            "shm_size": 64,
            "start": true,
            "stdin_open": false,
            "sysctls": null,
            "tmpfs": null,
            "tty": false,
            "ulimit": [],
            "upload": [],
            "user": "",
            "userns_mode": "",
            "volumes": [],
            "working_dir": ""
          },
          "sensitive_attributes": [],
          "private": "eyJzY2hlbWFfdmVyc2lvbiI6IjIifQ==",
          "dependencies": [
            "docker_image.nginx"
          ]
        }
      ]
    },
    {
      "mode": "managed",
      "type": "docker_image",
      "name": "nginx",
      "provider": "provider[\"registry.terraform.io/kreuzwerker/docker\"]",
      "instances": [
        {
          "schema_version": 0,
          "attributes": {
            "build": [],
            "force_remove": null,
            "id": "sha256:44f177c8f2e61ce4a1ae95dc764cac459510f1ca104ffd9a43347f41fde545bbserinkan/nginx_sample",
            "keep_locally": null,
            "latest": "sha256:44f177c8f2e61ce4a1ae95dc764cac459510f1ca104ffd9a43347f41fde545bb",
            "name": "serinkan/nginx_sample",
            "output": null,
            "pull_trigger": null,
            "pull_triggers": null,
            "repo_digest": "serinkan/nginx_sample@sha256:7db44c3bf44d9c0c97aa881dbcde3e82b5e1acb8c2c82af7725a7b2e722de0f6"
          },
          "sensitive_attributes": [],
          "private": "bnVsbA=="
        }
      ]
    },
    {
      "mode": "managed",
      "type": "google_container_cluster",
      "name": "default",
      "provider": "provider[\"registry.terraform.io/hashicorp/google\"]",
      "instances": [
        {
          "schema_version": 1,
          "attributes": {
            "addons_config": [
              {
                "cloudrun_config": [],
                "horizontal_pod_autoscaling": [],
                "http_load_balancing": [],
                "network_policy_config": [
                  {
                    "disabled": true
                  }
                ]
              }
            ],
            "authenticator_groups_config": [],
            "cluster_autoscaling": [
              {
                "auto_provisioning_defaults": [],
                "enabled": false,
                "resource_limits": []
              }
            ],
            "cluster_ipv4_cidr": "10.28.0.0/14",
            "database_encryption": [
              {
                "key_name": "",
                "state": "DECRYPTED"
              }
            ],
            "datapath_provider": "",
            "default_max_pods_per_node": null,
            "default_snat_status": [
              {
                "disabled": false
              }
            ],
            "description": "Project GKE Cluster",
            "enable_autopilot": false,
            "enable_binary_authorization": false,
            "enable_intranode_visibility": false,
            "enable_kubernetes_alpha": false,
            "enable_legacy_abac": false,
            "enable_shielded_nodes": false,
            "enable_tpu": false,
            "endpoint": "35.225.76.5",
            "id": "projects/friendly-magnet-321013/locations/us-central1/clusters/demo-cluster",
            "initial_node_count": 1,
            "instance_group_urls": [],
            "ip_allocation_policy": [],
            "label_fingerprint": "a9dc16a7",
            "location": "us-central1",
            "logging_service": "logging.googleapis.com/kubernetes",
            "maintenance_policy": [],
            "master_auth": [
              {
                "client_certificate": "",
                "client_certificate_config": [
                  {
                    "issue_client_certificate": false
                  }
                ],
                "client_key": "",
                "cluster_ca_certificate": "LS0tLS1CRUdJTiBDRVJUSUZJQ0FURS0tLS0tCk1JSURLekNDQWhPZ0F3SUJBZ0lSQU8wTjJBOGo2bzRiTFZzSXViVTNJZVF3RFFZSktvWklodmNOQVFFTEJRQXcKTHpFdE1Dc0dBMVVFQXhNa056RmhObVEzTjJRdFlqRmpZUzAwTldJM0xXRXpPR1l0TWpabVlUVTRORGt6TXpkawpNQjRYRFRJeE1EY3lOekV3TXpreU1sb1hEVEkyTURjeU5qRXhNemt5TWxvd0x6RXRNQ3NHQTFVRUF4TWtOekZoCk5tUTNOMlF0WWpGallTMDBOV0kzTFdFek9HWXRNalptWVRVNE5Ea3pNemRrTUlJQklqQU5CZ2txaGtpRzl3MEIKQVFFRkFBT0NBUThBTUlJQkNnS0NBUUVBNlJueGphTnlEVXljMVNYbW9CQWg0Z0NNQVA1WmRCdmhvcUtHVHVELwo0U3ppS1o1NHltUVFxc3pQanVGRG5USDRsYk5USG5uVTdXL1ZkYmc2T21YU2N1blE1VEQzakU4UnNyVkt0Zm4xCk5rc0gwWDdlaGRyaU80dGxCWDdNYTRuVzVVdFVWMlZBYksyWUlTU2U4NXYrNlIxcytTMUpiRmhWOGsyMCtMWmYKS3FaVmV5bW0wUFdQRGJQTXFFV2ROV2VaTXpiL00rNVNFZEhOTDR3MFM5WDNrM1lVNTFyS3RzdnhxMFk4SUpmVgpLdURiOWVSTFFpZmo3dEhVTjVhVnpFK0NJVk1wSTJTMURaKzdTaGVHSFpmcHc5ak11K3MwL3I4SUFGTTFRME5CCnRXbURHK3IyTG16cHFCbW5pNW5XOG40V2VkaWdXRTZ4ZjFiTGxGZkR6SFkzNlFJREFRQUJvMEl3UURBT0JnTlYKSFE4QkFmOEVCQU1DQWdRd0R3WURWUjBUQVFIL0JBVXdBd0VCL3pBZEJnTlZIUTRFRmdRVUU1bi80dXU1cFh4cQpxV3NSdGp6bFZtcWthQkl3RFFZSktvWklodmNOQVFFTEJRQURnZ0VCQUVKc2FaUCtKaHNXc2dhclk0MngyclZlCmVMOU9JOGVNcU1pc2ZlTHN1MnhHNXhOVkRNUW9jL0V0MTJQNTVFbm5hU1lzcnJ0ZUVHQ0tFZk5Oamo4aHpTTWEKYVQ2Ukk3dDlGN0lGN2tlUm9ZdFQvYTlqVHMrM1FLQ095MmRabHFPR01iLzhRd3g1bHZ3bmJaQ1pXNzVXeUR6NAp3d3JTeDM2WTFFV3NvZ2tFcHRIRGcrSjhoT2hrc1NMRjZ4QWZoMjZBTGJKaVJEMysvQ21rdlJoQnY1N25FRlFwCkVRT0FWNGpFM1FDRFVQRElmLzdLeDRpbFc3RDE1WEV2SHRWOUtnSmdoNmFFRzhTMDR2WG9sOVRjbGNBZ09kZHcKd2djSTBDTXhJVlVwM2c4WEZDUzdXSytCaFdsUXBlVi9vQWlqQmwxT00xV1E5bTFoUUhxUGM1UVZiMjFrNzVzPQotLS0tLUVORCBDRVJUSUZJQ0FURS0tLS0tCg==",
                "password": "",
                "username": ""
              }
            ],
            "master_authorized_networks_config": [],
            "master_version": "1.19.9-gke.1900",
            "min_master_version": null,
            "monitoring_service": "monitoring.googleapis.com/kubernetes",
            "name": "demo-cluster",
            "network": "projects/friendly-magnet-321013/global/networks/default",
            "network_policy": [
              {
                "enabled": false,
                "provider": "PROVIDER_UNSPECIFIED"
              }
            ],
            "networking_mode": "ROUTES",
            "node_config": [],
            "node_locations": [
              "us-central1-a",
              "us-central1-c",
              "us-central1-f"
            ],
            "node_pool": [],
            "node_version": "1.19.9-gke.1900",
            "operation": null,
            "pod_security_policy_config": [],
            "private_cluster_config": [],
            "private_ipv6_google_access": "",
            "project": "friendly-magnet-321013",
            "release_channel": [
              {
                "channel": "REGULAR"
              }
            ],
            "remove_default_node_pool": true,
            "resource_labels": null,
            "resource_usage_export_config": [],
            "self_link": "https://container.googleapis.com/v1beta1/projects/friendly-magnet-321013/locations/us-central1/clusters/demo-cluster",
            "services_ipv4_cidr": "10.31.240.0/20",
            "subnetwork": "projects/friendly-magnet-321013/regions/us-central1/subnetworks/default",
            "timeouts": null,
            "tpu_ipv4_cidr_block": "",
            "vertical_pod_autoscaling": [],
            "workload_identity_config": []
          },
          "sensitive_attributes": [],
          "private": "eyJlMmJmYjczMC1lY2FhLTExZTYtOGY4OC0zNDM2M2JjN2M0YzAiOnsiY3JlYXRlIjoyNDAwMDAwMDAwMDAwLCJkZWxldGUiOjI0MDAwMDAwMDAwMDAsInJlYWQiOjI0MDAwMDAwMDAwMDAsInVwZGF0ZSI6MzYwMDAwMDAwMDAwMH0sInNjaGVtYV92ZXJzaW9uIjoiMSJ9"
        }
      ]
    },
    {
      "mode": "managed",
      "type": "google_container_node_pool",
      "name": "default",
      "provider": "provider[\"registry.terraform.io/hashicorp/google\"]",
      "instances": [
        {
          "schema_version": 1,
          "attributes": {
            "autoscaling": [],
            "cluster": "demo-cluster",
            "id": "projects/friendly-magnet-321013/locations/us-central1/clusters/demo-cluster/nodePools/demo-cluster-node-pool",
            "initial_node_count": 1,
            "instance_group_urls": [
              "https://www.googleapis.com/compute/v1/projects/friendly-magnet-321013/zones/us-central1-f/instanceGroupManagers/gke-demo-cluster-demo-cluster-node-po-589169ae-grp",
              "https://www.googleapis.com/compute/v1/projects/friendly-magnet-321013/zones/us-central1-a/instanceGroupManagers/gke-demo-cluster-demo-cluster-node-po-b4c7c11d-grp",
              "https://www.googleapis.com/compute/v1/projects/friendly-magnet-321013/zones/us-central1-c/instanceGroupManagers/gke-demo-cluster-demo-cluster-node-po-27b6da99-grp"
            ],
            "location": "us-central1",
            "management": [
              {
                "auto_repair": true,
                "auto_upgrade": true
              }
            ],
            "max_pods_per_node": null,
            "name": "demo-cluster-node-pool",
            "name_prefix": "",
            "node_config": [
              {
                "disk_size_gb": 100,
                "disk_type": "pd-standard",
                "guest_accelerator": [],
                "image_type": "COS_CONTAINERD",
                "labels": {},
                "local_ssd_count": 0,
                "machine_type": "n1-standard-1",
                "metadata": {
                  "disable-legacy-endpoints": "true"
                },
                "min_cpu_platform": "",
                "oauth_scopes": [
                  "https://www.googleapis.com/auth/logging.write",
                  "https://www.googleapis.com/auth/monitoring"
                ],
                "preemptible": true,
                "service_account": "default",
                "shielded_instance_config": [
                  {
                    "enable_integrity_monitoring": true,
                    "enable_secure_boot": false
                  }
                ],
                "tags": null,
                "taint": [],
                "workload_metadata_config": []
              }
            ],
            "node_count": 1,
            "node_locations": [
              "us-central1-a",
              "us-central1-c",
              "us-central1-f"
            ],
            "operation": null,
            "project": "friendly-magnet-321013",
            "timeouts": null,
            "upgrade_settings": [
              {
                "max_surge": 1,
                "max_unavailable": 0
              }
            ],
            "version": "1.19.9-gke.1900"
          },
          "sensitive_attributes": [],
          "private": "eyJlMmJmYjczMC1lY2FhLTExZTYtOGY4OC0zNDM2M2JjN2M0YzAiOnsiY3JlYXRlIjoxODAwMDAwMDAwMDAwLCJkZWxldGUiOjE4MDAwMDAwMDAwMDAsInVwZGF0ZSI6MTgwMDAwMDAwMDAwMH0sInNjaGVtYV92ZXJzaW9uIjoiMSJ9",
          "dependencies": [
            "google_container_cluster.default"
          ]
        }
      ]
    }
  ]
}
